
Microsoft Visual Studio Solution File, Format Version 12.00
# Visual Studio 15
VisualStudioVersion = 15.0.28010.2016
MinimumVisualStudioVersion = 10.0.40219.1
Project("{FAE04EC0-301F-11D3-BF4B-00C04F79EFBC}") = "大话数据结构", "大话数据结构\大话数据结构.csproj", "{5D825CBA-D4DD-4F40-974C-FBB2FDCA1B9A}"
EndProject
Project("{FAE04EC0-301F-11D3-BF4B-00C04F79EFBC}") = "二分查找", "二分查找\二分查找.csproj", "{A5F7F67B-2178-4BA6-BAF3-FEA1C2F16C82}"
EndProject
Project("{FAE04EC0-301F-11D3-BF4B-00C04F79EFBC}") = "头插单链表", "单链表\头插单链表.csproj", "{17505FAA-7A8F-4203-85BF-960AAEC77DE3}"
EndProject
Project("{FAE04EC0-301F-11D3-BF4B-00C04F79EFBC}") = "尾插单链表", "尾插单链表\尾插单链表.csproj", "{A533E386-889B-44B3-9862-528038DCDED1}"
EndProject
Project("{FAE04EC0-301F-11D3-BF4B-00C04F79EFBC}") = "头插双向链表", "头插双向链表\头插双向链表.csproj", "{AE56CF0A-9679-4843-802D-AC32CAA676C0}"
EndProject
Global
	GlobalSection(SolutionConfigurationPlatforms) = preSolution
		Debug|Any CPU = Debug|Any CPU
		Release|Any CPU = Release|Any CPU
	EndGlobalSection
	GlobalSection(ProjectConfigurationPlatforms) = postSolution
		{5D825CBA-D4DD-4F40-974C-FBB2FDCA1B9A}.Debug|Any CPU.ActiveCfg = Debug|Any CPU
		{5D825CBA-D4DD-4F40-974C-FBB2FDCA1B9A}.Debug|Any CPU.Build.0 = Debug|Any CPU
		{5D825CBA-D4DD-4F40-974C-FBB2FDCA1B9A}.Release|Any CPU.ActiveCfg = Release|Any CPU
		{5D825CBA-D4DD-4F40-974C-FBB2FDCA1B9A}.Release|Any CPU.Build.0 = Release|Any CPU
		{A5F7F67B-2178-4BA6-BAF3-FEA1C2F16C82}.Debug|Any CPU.ActiveCfg = Debug|Any CPU
		{A5F7F67B-2178-4BA6-BAF3-FEA1C2F16C82}.Debug|Any CPU.Build.0 = Debug|Any CPU
		{A5F7F67B-2178-4BA6-BAF3-FEA1C2F16C82}.Release|Any CPU.ActiveCfg = Release|Any CPU
		{A5F7F67B-2178-4BA6-BAF3-FEA1C2F16C82}.Release|Any CPU.Build.0 = Release|Any CPU
		{17505FAA-7A8F-4203-85BF-960AAEC77DE3}.Debug|Any CPU.ActiveCfg = Debug|Any CPU
		{17505FAA-7A8F-4203-85BF-960AAEC77DE3}.Debug|Any CPU.Build.0 = Debug|Any CPU
		{17505FAA-7A8F-4203-85BF-960AAEC77DE3}.Release|Any CPU.ActiveCfg = Release|Any CPU
		{17505FAA-7A8F-4203-85BF-960AAEC77DE3}.Release|Any CPU.Build.0 = Release|Any CPU
		{A533E386-889B-44B3-9862-528038DCDED1}.Debug|Any CPU.ActiveCfg = Debug|Any CPU
		{A533E386-889B-44B3-9862-528038DCDED1}.Debug|Any CPU.Build.0 = Debug|Any CPU
		{A533E386-889B-44B3-9862-528038DCDED1}.Release|Any CPU.ActiveCfg = Release|Any CPU
		{A533E386-889B-44B3-9862-528038DCDED1}.Release|Any CPU.Build.0 = Release|Any CPU
		{AE56CF0A-9679-4843-802D-AC32CAA676C0}.Debug|Any CPU.ActiveCfg = Debug|Any CPU
		{AE56CF0A-9679-4843-802D-AC32CAA676C0}.Debug|Any CPU.Build.0 = Debug|Any CPU
		{AE56CF0A-9679-4843-802D-AC32CAA676C0}.Release|Any CPU.ActiveCfg = Release|Any CPU
		{AE56CF0A-9679-4843-802D-AC32CAA676C0}.Release|Any CPU.Build.0 = Release|Any CPU
	EndGlobalSection
	GlobalSection(SolutionProperties) = preSolution
		HideSolutionNode = FALSE
	EndGlobalSection
	GlobalSection(ExtensibilityGlobals) = postSolution
		SolutionGuid = {C78770E3-A079-4514-8AD5-03193F829996}
	EndGlobalSection
EndGlobal
